
Microsoft Visual Studio Solution File, Format Version 12.00
# Visual Studio Version 16
VisualStudioVersion = 16.0.31205.134
MinimumVisualStudioVersion = 10.0.40219.1
Project("{2150E333-8FDC-42A3-9474-1A3956D46DE8}") = "src", "src", "{3D11D526-F7CD-409E-B457-B2465E9A9555}"
EndProject
Project("{9A19103F-16F7-4668-BE54-9A1E7A4F7556}") = "SquaresSolverSolution.WebApi", "src\SquaresSolverSolution.WebApi\SquaresSolverSolution.WebApi.csproj", "{A8ABAC53-0663-4B13-886E-AC2C6FB2D046}"
EndProject
Project("{2150E333-8FDC-42A3-9474-1A3956D46DE8}") = "tests", "tests", "{49FA78DE-2B0C-404D-ABB2-7D211AED6A15}"
EndProject
Project("{FAE04EC0-301F-11D3-BF4B-00C04F79EFBC}") = "SquaresSolverSolution.Domain", "src\SquaresSolverSolution.Domain\SquaresSolverSolution.Domain.csproj", "{BC885478-D3C4-4DF4-BC34-295036CFCD5D}"
EndProject
Project("{FAE04EC0-301F-11D3-BF4B-00C04F79EFBC}") = "SquaresSolverSolution.Infrastructure", "src\SquaresSolverSolution.Infrastructure\SquaresSolverSolution.Infrastructure.csproj", "{8D2CE61F-F97B-4DF7-91FF-2F38025497F9}"
EndProject
Project("{FAE04EC0-301F-11D3-BF4B-00C04F79EFBC}") = "SquaresSolverSolution.Application", "src\SquaresSolverSolution.Application\SquaresSolverSolution.Application.csproj", "{696ED0FE-1CF9-4223-A91A-A44DAC452F18}"
EndProject
Global
	GlobalSection(SolutionConfigurationPlatforms) = preSolution
		Debug|Any CPU = Debug|Any CPU
		Release|Any CPU = Release|Any CPU
	EndGlobalSection
	GlobalSection(ProjectConfigurationPlatforms) = postSolution
		{A8ABAC53-0663-4B13-886E-AC2C6FB2D046}.Debug|Any CPU.ActiveCfg = Debug|Any CPU
		{A8ABAC53-0663-4B13-886E-AC2C6FB2D046}.Debug|Any CPU.Build.0 = Debug|Any CPU
		{A8ABAC53-0663-4B13-886E-AC2C6FB2D046}.Release|Any CPU.ActiveCfg = Release|Any CPU
		{A8ABAC53-0663-4B13-886E-AC2C6FB2D046}.Release|Any CPU.Build.0 = Release|Any CPU
		{BC885478-D3C4-4DF4-BC34-295036CFCD5D}.Debug|Any CPU.ActiveCfg = Debug|Any CPU
		{BC885478-D3C4-4DF4-BC34-295036CFCD5D}.Debug|Any CPU.Build.0 = Debug|Any CPU
		{BC885478-D3C4-4DF4-BC34-295036CFCD5D}.Release|Any CPU.ActiveCfg = Release|Any CPU
		{BC885478-D3C4-4DF4-BC34-295036CFCD5D}.Release|Any CPU.Build.0 = Release|Any CPU
		{8D2CE61F-F97B-4DF7-91FF-2F38025497F9}.Debug|Any CPU.ActiveCfg = Debug|Any CPU
		{8D2CE61F-F97B-4DF7-91FF-2F38025497F9}.Debug|Any CPU.Build.0 = Debug|Any CPU
		{8D2CE61F-F97B-4DF7-91FF-2F38025497F9}.Release|Any CPU.ActiveCfg = Release|Any CPU
		{8D2CE61F-F97B-4DF7-91FF-2F38025497F9}.Release|Any CPU.Build.0 = Release|Any CPU
		{696ED0FE-1CF9-4223-A91A-A44DAC452F18}.Debug|Any CPU.ActiveCfg = Debug|Any CPU
		{696ED0FE-1CF9-4223-A91A-A44DAC452F18}.Debug|Any CPU.Build.0 = Debug|Any CPU
		{696ED0FE-1CF9-4223-A91A-A44DAC452F18}.Release|Any CPU.ActiveCfg = Release|Any CPU
		{696ED0FE-1CF9-4223-A91A-A44DAC452F18}.Release|Any CPU.Build.0 = Release|Any CPU
	EndGlobalSection
	GlobalSection(SolutionProperties) = preSolution
		HideSolutionNode = FALSE
	EndGlobalSection
	GlobalSection(NestedProjects) = preSolution
		{A8ABAC53-0663-4B13-886E-AC2C6FB2D046} = {3D11D526-F7CD-409E-B457-B2465E9A9555}
		{BC885478-D3C4-4DF4-BC34-295036CFCD5D} = {3D11D526-F7CD-409E-B457-B2465E9A9555}
		{8D2CE61F-F97B-4DF7-91FF-2F38025497F9} = {3D11D526-F7CD-409E-B457-B2465E9A9555}
		{696ED0FE-1CF9-4223-A91A-A44DAC452F18} = {3D11D526-F7CD-409E-B457-B2465E9A9555}
	EndGlobalSection
	GlobalSection(ExtensibilityGlobals) = postSolution
		SolutionGuid = {9B7473D3-258D-4CBB-963C-83C40686C1A6}
	EndGlobalSection
EndGlobal
